
Microsoft Visual Studio Solution File, Format Version 12.00
# Visual Studio Version 17
VisualStudioVersion = 17.4.33213.308
MinimumVisualStudioVersion = 10.0.40219.1
Project("{9A19103F-16F7-4668-BE54-9A1E7A4F7556}") = "PokeApiBlazor", "PokeApiBlazor\PokeApiBlazor.csproj", "{D962E70B-0DFE-4608-973E-AD2069217074}"
EndProject
Project("{9A19103F-16F7-4668-BE54-9A1E7A4F7556}") = "PokeApiBlazor.Models", "PokeApiBlazor.Models\PokeApiBlazor.Models.csproj", "{BEB64D80-44DF-40B2-8992-820B807BFC4F}"
EndProject
Project("{9A19103F-16F7-4668-BE54-9A1E7A4F7556}") = "PokeApiBlazor.Services", "PokeApiBlazor.Services\PokeApiBlazor.Services.csproj", "{D8285E5A-52EE-47EF-AA39-FDCF8CC1B1C9}"
EndProject
Global
	GlobalSection(SolutionConfigurationPlatforms) = preSolution
		Debug|Any CPU = Debug|Any CPU
		Release|Any CPU = Release|Any CPU
	EndGlobalSection
	GlobalSection(ProjectConfigurationPlatforms) = postSolution
		{D962E70B-0DFE-4608-973E-AD2069217074}.Debug|Any CPU.ActiveCfg = Debug|Any CPU
		{D962E70B-0DFE-4608-973E-AD2069217074}.Debug|Any CPU.Build.0 = Debug|Any CPU
		{D962E70B-0DFE-4608-973E-AD2069217074}.Release|Any CPU.ActiveCfg = Release|Any CPU
		{D962E70B-0DFE-4608-973E-AD2069217074}.Release|Any CPU.Build.0 = Release|Any CPU
		{BEB64D80-44DF-40B2-8992-820B807BFC4F}.Debug|Any CPU.ActiveCfg = Debug|Any CPU
		{BEB64D80-44DF-40B2-8992-820B807BFC4F}.Debug|Any CPU.Build.0 = Debug|Any CPU
		{BEB64D80-44DF-40B2-8992-820B807BFC4F}.Release|Any CPU.ActiveCfg = Release|Any CPU
		{BEB64D80-44DF-40B2-8992-820B807BFC4F}.Release|Any CPU.Build.0 = Release|Any CPU
		{D8285E5A-52EE-47EF-AA39-FDCF8CC1B1C9}.Debug|Any CPU.ActiveCfg = Debug|Any CPU
		{D8285E5A-52EE-47EF-AA39-FDCF8CC1B1C9}.Debug|Any CPU.Build.0 = Debug|Any CPU
		{D8285E5A-52EE-47EF-AA39-FDCF8CC1B1C9}.Release|Any CPU.ActiveCfg = Release|Any CPU
		{D8285E5A-52EE-47EF-AA39-FDCF8CC1B1C9}.Release|Any CPU.Build.0 = Release|Any CPU
	EndGlobalSection
	GlobalSection(SolutionProperties) = preSolution
		HideSolutionNode = FALSE
	EndGlobalSection
	GlobalSection(ExtensibilityGlobals) = postSolution
		SolutionGuid = {28A5CD98-0F5A-4EFB-B203-3DDB5F357ED2}
	EndGlobalSection
EndGlobal
